
Microsoft Visual Studio Solution File, Format Version 12.00
# Visual Studio Version 17
VisualStudioVersion = 17.3.32819.101
MinimumVisualStudioVersion = 10.0.40219.1
Project("{FAE04EC0-301F-11D3-BF4B-00C04F79EFBC}") = "Movie", "Movie\Movie.csproj", "{5BB14EA5-220D-46D3-9C34-8C3E23681FDB}"
EndProject
Global
	GlobalSection(SolutionConfigurationPlatforms) = preSolution
		Debug|Any CPU = Debug|Any CPU
		Release|Any CPU = Release|Any CPU
	EndGlobalSection
	GlobalSection(ProjectConfigurationPlatforms) = postSolution
		{5BB14EA5-220D-46D3-9C34-8C3E23681FDB}.Debug|Any CPU.ActiveCfg = Debug|Any CPU
		{5BB14EA5-220D-46D3-9C34-8C3E23681FDB}.Debug|Any CPU.Build.0 = Debug|Any CPU
		{5BB14EA5-220D-46D3-9C34-8C3E23681FDB}.Release|Any CPU.ActiveCfg = Release|Any CPU
		{5BB14EA5-220D-46D3-9C34-8C3E23681FDB}.Release|Any CPU.Build.0 = Release|Any CPU
	EndGlobalSection
	GlobalSection(SolutionProperties) = preSolution
		HideSolutionNode = FALSE
	EndGlobalSection
	GlobalSection(ExtensibilityGlobals) = postSolution
		SolutionGuid = {9E125849-4286-4693-8389-3BE491269B4F}
	EndGlobalSection
EndGlobal
